{
  "name": "ng-tags-input",
  "version": "2.0.0",
  "dependencies": {
    "karma": {
      "version": "0.12.0",
      "from": "karma@0.12.0",
      "dependencies": {
        "di": {
          "version": "0.0.1",
          "from": "di@0.0.1"
        },
        "socket.io": {
          "version": "0.9.16",
          "from": "socket.io@0.9.16",
          "dependencies": {
            "socket.io-client": {
              "version": "0.9.16",
              "from": "socket.io-client@0.9.16",
              "dependencies": {
                "uglify-js": {
                  "version": "1.2.5",
                  "from": "uglify-js@1.2.5"
                },
                "ws": {
                  "version": "0.4.31",
                  "from": "ws@0.4.31",
                  "dependencies": {
                    "commander": {
                      "version": "0.6.1",
                      "from": "commander@0.6.1"
                    },
                    "nan": {
                      "version": "0.3.2",
                      "from": "nan@0.3.2"
                    },
                    "tinycolor": {
                      "version": "0.0.1",
                      "from": "tinycolor@0.0.1"
                    },
                    "options": {
                      "version": "0.0.5",
                      "from": "options@0.0.5"
                    }
                  }
                },
                "xmlhttprequest": {
                  "version": "1.4.2",
                  "from": "xmlhttprequest@1.4.2"
                },
                "active-x-obfuscator": {
                  "version": "0.0.1",
                  "from": "active-x-obfuscator@0.0.1",
                  "dependencies": {
                    "zeparser": {
                      "version": "0.0.5",
                      "from": "zeparser@0.0.5"
                    }
                  }
                }
              }
            },
            "policyfile": {
              "version": "0.0.4",
              "from": "policyfile@0.0.4"
            },
            "base64id": {
              "version": "0.1.0",
              "from": "base64id@0.1.0"
            },
            "redis": {
              "version": "0.7.3",
              "from": "redis@0.7.3"
            }
          }
        },
        "chokidar": {
          "version": "0.8.1",
          "from": "chokidar@0.8.1"
        },
        "glob": {
          "version": "3.2.9",
          "from": "glob@*",
          "dependencies": {
            "inherits": {
              "version": "2.0.1",
              "from": "inherits@~2.0.1"
            }
          }
        },
        "minimatch": {
          "version": "0.2.14",
          "from": "minimatch@~0.2.11",
          "dependencies": {
            "lru-cache": {
              "version": "2.5.0",
              "from": "lru-cache@2"
            },
            "sigmund": {
              "version": "1.0.0",
              "from": "sigmund@~1.0.0"
            }
          }
        },
        "http-proxy": {
          "version": "0.10.4",
          "from": "http-proxy@0.10.4",
          "dependencies": {
            "pkginfo": {
              "version": "0.3.0",
              "from": "pkginfo@0.3.0"
            },
            "utile": {
              "version": "0.2.1",
              "from": "utile@0.2.1",
              "dependencies": {
                "async": {
                  "version": "0.2.10",
                  "from": "async@0.2.10"
                },
                "deep-equal": {
                  "version": "0.2.1",
                  "from": "deep-equal@0.2.1"
                },
                "i": {
                  "version": "0.3.2",
                  "from": "i@0.3.2"
                },
                "mkdirp": {
                  "version": "0.3.5",
                  "from": "mkdirp@0.3.5"
                },
                "ncp": {
                  "version": "0.4.2",
                  "from": "ncp@0.4.2"
                }
              }
            }
          }
        },
        "optimist": {
          "version": "0.6.1",
          "from": "optimist@0.6.1",
          "dependencies": {
            "wordwrap": {
              "version": "0.0.2",
              "from": "wordwrap@~0.0.2"
            },
            "minimist": {
              "version": "0.0.8",
              "from": "minimist@0.0.8"
            }
          }
        },
        "rimraf": {
          "version": "2.2.6",
          "from": "rimraf@~2.2.2"
        },
        "q": {
          "version": "0.9.7",
          "from": "q@0.9.7"
        },
        "colors": {
          "version": "0.6.2",
          "from": "colors@~0.6.2"
        },
        "lodash": {
          "version": "2.4.1",
          "from": "lodash@~2.4.1"
        },
        "mime": {
          "version": "1.2.11",
          "from": "mime@1.2.11"
        },
        "log4js": {
          "version": "0.6.12",
          "from": "log4js@0.6.12",
          "dependencies": {
            "async": {
              "version": "0.1.15",
              "from": "async@0.1.15"
            },
            "semver": {
              "version": "1.1.4",
              "from": "semver@1.1.4"
            },
            "readable-stream": {
              "version": "1.0.26-2",
              "from": "readable-stream@1.0",
              "dependencies": {
                "string_decoder": {
                  "version": "0.10.25-1",
                  "from": "string_decoder@0.10.25-1"
                }
              }
            }
          }
        },
        "useragent": {
          "version": "2.0.7",
          "from": "useragent@2.0.7",
          "dependencies": {
            "lru-cache": {
              "version": "2.2.4",
              "from": "lru-cache@2.2.4"
            }
          }
        },
        "graceful-fs": {
          "version": "2.0.2",
          "from": "graceful-fs@2.0.2"
        },
        "connect": {
          "version": "2.12.0",
          "from": "connect@2.12.0",
          "dependencies": {
            "batch": {
              "version": "0.5.0",
              "from": "batch@0.5.0"
            },
            "qs": {
              "version": "0.6.6",
              "from": "qs@0.6.6"
            },
            "cookie-signature": {
              "version": "1.0.1",
              "from": "cookie-signature@1.0.1"
            },
            "buffer-crc32": {
              "version": "0.2.1",
              "from": "buffer-crc32@0.2.1"
            },
            "cookie": {
              "version": "0.1.0",
              "from": "cookie@0.1.0"
            },
            "send": {
              "version": "0.1.4",
              "from": "send@0.1.4",
              "dependencies": {
                "range-parser": {
                  "version": "0.0.4",
                  "from": "range-parser@0.0.4"
                }
              }
            },
            "bytes": {
              "version": "0.2.1",
              "from": "bytes@0.2.1"
            },
            "fresh": {
              "version": "0.2.0",
              "from": "fresh@0.2.0"
            },
            "pause": {
              "version": "0.0.1",
              "from": "pause@0.0.1"
            },
            "uid2": {
              "version": "0.0.3",
              "from": "uid2@0.0.3"
            },
            "debug": {
              "version": "0.7.4",
              "from": "debug@0.7.4"
            },
            "methods": {
              "version": "0.1.0",
              "from": "methods@0.1.0"
            },
            "raw-body": {
              "version": "1.1.2",
              "from": "raw-body@1.1.2"
            },
            "negotiator": {
              "version": "0.3.0",
              "from": "negotiator@0.3.0"
            },
            "multiparty": {
              "version": "2.2.0",
              "from": "multiparty@2.2.0",
              "dependencies": {
                "readable-stream": {
                  "version": "1.1.11",
                  "from": "readable-stream@1.1.11",
                  "dependencies": {
                    "core-util-is": {
                      "version": "1.0.1",
                      "from": "core-util-is@1.0.1"
                    },
                    "string_decoder": {
                      "version": "0.10.25-1",
                      "from": "string_decoder@0.10.25-1"
                    },
                    "debuglog": {
                      "version": "0.0.2",
                      "from": "debuglog@0.0.2"
                    }
                  }
                },
                "stream-counter": {
                  "version": "0.2.0",
                  "from": "stream-counter@0.2.0"
                }
              }
            }
          }
        },
        "source-map": {
          "version": "0.1.33",
          "from": "source-map@0.1.33",
          "dependencies": {
            "amdefine": {
              "version": "0.1.0",
              "from": "amdefine@0.1.0"
            }
          }
        }
      }
    }
  }
}
