{
  "name": "ng-tags-input",
  "version": "3.0.0",
  "dependencies": {
    "abbrev": {
      "version": "1.1.0",
      "from": "abbrev@>=1.0.0 <2.0.0",
      "resolved": "https://registry.npmjs.org/abbrev/-/abbrev-1.1.0.tgz",
      "dev": true
    },
    "argparse": {
      "version": "0.1.16",
      "from": "argparse@>=0.1.11 <0.2.0",
      "resolved": "https://registry.npmjs.org/argparse/-/argparse-0.1.16.tgz",
      "dev": true,
      "dependencies": {
        "underscore.string": {
          "version": "2.4.0",
          "from": "underscore.string@>=2.4.0 <2.5.0",
          "resolved": "https://registry.npmjs.org/underscore.string/-/underscore.string-2.4.0.tgz",
          "dev": true
        }
      }
    },
    "array-differ": {
      "version": "1.0.0",
      "from": "array-differ@>=1.0.0 <2.0.0",
      "resolved": "https://registry.npmjs.org/array-differ/-/array-differ-1.0.0.tgz",
      "dev": true
    },
    "array-union": {
      "version": "1.0.2",
      "from": "array-union@>=1.0.1 <2.0.0",
      "resolved": "https://registry.npmjs.org/array-union/-/array-union-1.0.2.tgz",
      "dev": true
    },
    "array-uniq": {
      "version": "1.0.3",
      "from": "array-uniq@>=1.0.1 <2.0.0",
      "resolved": "https://registry.npmjs.org/array-uniq/-/array-uniq-1.0.3.tgz",
      "dev": true
    },
    "arrify": {
      "version": "1.0.1",
      "from": "arrify@>=1.0.0 <2.0.0",
      "resolved": "https://registry.npmjs.org/arrify/-/arrify-1.0.1.tgz",
      "dev": true
    },
    "async": {
      "version": "0.1.22",
      "from": "async@>=0.1.22 <0.2.0",
      "resolved": "https://registry.npmjs.org/async/-/async-0.1.22.tgz",
      "dev": true
    },
    "balanced-match": {
      "version": "0.4.2",
      "from": "balanced-match@>=0.4.1 <0.5.0",
      "resolved": "https://registry.npmjs.org/balanced-match/-/balanced-match-0.4.2.tgz",
      "dev": true
    },
    "brace-expansion": {
      "version": "1.1.7",
      "from": "brace-expansion@>=1.0.0 <2.0.0",
      "resolved": "https://registry.npmjs.org/brace-expansion/-/brace-expansion-1.1.7.tgz",
      "dev": true
    },
    "coffee-script": {
      "version": "1.3.3",
      "from": "coffee-script@>=1.3.3 <1.4.0",
      "resolved": "https://registry.npmjs.org/coffee-script/-/coffee-script-1.3.3.tgz",
      "dev": true
    },
    "colors": {
      "version": "0.6.2",
      "from": "colors@>=0.6.2 <0.7.0",
      "resolved": "https://registry.npmjs.org/colors/-/colors-0.6.2.tgz",
      "dev": true
    },
    "concat-map": {
      "version": "0.0.1",
      "from": "concat-map@0.0.1",
      "resolved": "https://registry.npmjs.org/concat-map/-/concat-map-0.0.1.tgz",
      "dev": true
    },
    "dateformat": {
      "version": "1.0.2-1.2.3",
      "from": "dateformat@1.0.2-1.2.3",
      "resolved": "https://registry.npmjs.org/dateformat/-/dateformat-1.0.2-1.2.3.tgz",
      "dev": true
    },
    "esprima": {
      "version": "1.0.4",
      "from": "esprima@>=1.0.2 <1.1.0",
      "resolved": "https://registry.npmjs.org/esprima/-/esprima-1.0.4.tgz",
      "dev": true
    },
    "eventemitter2": {
      "version": "0.4.14",
      "from": "eventemitter2@>=0.4.13 <0.5.0",
      "resolved": "https://registry.npmjs.org/eventemitter2/-/eventemitter2-0.4.14.tgz",
      "dev": true
    },
    "exit": {
      "version": "0.1.2",
      "from": "exit@>=0.1.1 <0.2.0",
      "resolved": "https://registry.npmjs.org/exit/-/exit-0.1.2.tgz",
      "dev": true
    },
    "findup-sync": {
      "version": "0.1.3",
      "from": "findup-sync@>=0.1.2 <0.2.0",
      "resolved": "https://registry.npmjs.org/findup-sync/-/findup-sync-0.1.3.tgz",
      "dev": true,
      "dependencies": {
        "glob": {
          "version": "3.2.11",
          "from": "glob@>=3.2.9 <3.3.0",
          "resolved": "https://registry.npmjs.org/glob/-/glob-3.2.11.tgz",
          "dev": true
        },
        "lodash": {
          "version": "2.4.2",
          "from": "lodash@>=2.4.1 <2.5.0",
          "resolved": "https://registry.npmjs.org/lodash/-/lodash-2.4.2.tgz",
          "dev": true
        },
        "minimatch": {
          "version": "0.3.0",
          "from": "minimatch@>=0.3.0 <0.4.0",
          "resolved": "https://registry.npmjs.org/minimatch/-/minimatch-0.3.0.tgz",
          "dev": true
        }
      }
    },
    "getobject": {
      "version": "0.1.0",
      "from": "getobject@>=0.1.0 <0.2.0",
      "resolved": "https://registry.npmjs.org/getobject/-/getobject-0.1.0.tgz",
      "dev": true
    },
    "graceful-fs": {
      "version": "1.2.3",
      "from": "graceful-fs@>=1.2.0 <1.3.0",
      "resolved": "https://registry.npmjs.org/graceful-fs/-/graceful-fs-1.2.3.tgz",
      "dev": true
    },
    "grunt": {
      "version": "0.4.5",
      "from": "https://registry.npmjs.org/grunt/-/grunt-0.4.5.tgz",
      "resolved": "https://registry.npmjs.org/grunt/-/grunt-0.4.5.tgz",
      "dev": true,
      "dependencies": {
        "glob": {
          "version": "3.1.21",
          "from": "glob@>=3.1.21 <3.2.0",
          "resolved": "https://registry.npmjs.org/glob/-/glob-3.1.21.tgz",
          "dev": true
        },
        "inherits": {
          "version": "1.0.2",
          "from": "inherits@>=1.0.0 <2.0.0",
          "resolved": "https://registry.npmjs.org/inherits/-/inherits-1.0.2.tgz",
          "dev": true
        }
      }
    },
    "grunt-legacy-log": {
      "version": "0.1.3",
      "from": "grunt-legacy-log@>=0.1.0 <0.2.0",
      "resolved": "https://registry.npmjs.org/grunt-legacy-log/-/grunt-legacy-log-0.1.3.tgz",
      "dev": true,
      "dependencies": {
        "lodash": {
          "version": "2.4.2",
          "from": "lodash@>=2.4.1 <2.5.0",
          "resolved": "https://registry.npmjs.org/lodash/-/lodash-2.4.2.tgz",
          "dev": true
        },
        "underscore.string": {
          "version": "2.3.3",
          "from": "underscore.string@>=2.3.3 <2.4.0",
          "resolved": "https://registry.npmjs.org/underscore.string/-/underscore.string-2.3.3.tgz",
          "dev": true
        }
      }
    },
    "grunt-legacy-log-utils": {
      "version": "0.1.1",
      "from": "grunt-legacy-log-utils@>=0.1.1 <0.2.0",
      "resolved": "https://registry.npmjs.org/grunt-legacy-log-utils/-/grunt-legacy-log-utils-0.1.1.tgz",
      "dev": true,
      "dependencies": {
        "lodash": {
          "version": "2.4.2",
          "from": "lodash@>=2.4.1 <2.5.0",
          "resolved": "https://registry.npmjs.org/lodash/-/lodash-2.4.2.tgz",
          "dev": true
        },
        "underscore.string": {
          "version": "2.3.3",
          "from": "underscore.string@>=2.3.3 <2.4.0",
          "resolved": "https://registry.npmjs.org/underscore.string/-/underscore.string-2.3.3.tgz",
          "dev": true
        }
      }
    },
    "grunt-legacy-util": {
      "version": "0.2.0",
      "from": "grunt-legacy-util@>=0.2.0 <0.3.0",
      "resolved": "https://registry.npmjs.org/grunt-legacy-util/-/grunt-legacy-util-0.2.0.tgz",
      "dev": true
    },
    "hooker": {
      "version": "0.2.3",
      "from": "hooker@>=0.2.3 <0.3.0",
      "resolved": "https://registry.npmjs.org/hooker/-/hooker-0.2.3.tgz",
      "dev": true
    },
    "iconv-lite": {
      "version": "0.2.11",
      "from": "iconv-lite@>=0.2.11 <0.3.0",
      "resolved": "https://registry.npmjs.org/iconv-lite/-/iconv-lite-0.2.11.tgz",
      "dev": true
    },
    "inflight": {
      "version": "1.0.6",
      "from": "inflight@>=1.0.4 <2.0.0",
      "resolved": "https://registry.npmjs.org/inflight/-/inflight-1.0.6.tgz",
      "dev": true
    },
    "inherits": {
      "version": "2.0.3",
      "from": "inherits@>=2.0.0 <3.0.0",
      "resolved": "https://registry.npmjs.org/inherits/-/inherits-2.0.3.tgz",
      "dev": true
    },
    "js-yaml": {
      "version": "2.0.5",
      "from": "js-yaml@>=2.0.5 <2.1.0",
      "resolved": "https://registry.npmjs.org/js-yaml/-/js-yaml-2.0.5.tgz",
      "dev": true
    },
    "load-grunt-tasks": {
      "version": "3.1.0",
      "from": "https://registry.npmjs.org/load-grunt-tasks/-/load-grunt-tasks-3.1.0.tgz",
      "resolved": "https://registry.npmjs.org/load-grunt-tasks/-/load-grunt-tasks-3.1.0.tgz",
      "dev": true,
      "dependencies": {
        "findup-sync": {
          "version": "0.2.1",
          "from": "findup-sync@>=0.2.1 <0.3.0",
          "resolved": "https://registry.npmjs.org/findup-sync/-/findup-sync-0.2.1.tgz",
          "dev": true
        },
        "glob": {
          "version": "4.3.5",
          "from": "glob@>=4.3.0 <4.4.0",
          "resolved": "https://registry.npmjs.org/glob/-/glob-4.3.5.tgz",
          "dev": true
        },
        "minimatch": {
          "version": "2.0.10",
          "from": "minimatch@>=2.0.1 <3.0.0",
          "resolved": "https://registry.npmjs.org/minimatch/-/minimatch-2.0.10.tgz",
          "dev": true
        }
      }
    },
    "lodash": {
      "version": "0.9.2",
      "from": "lodash@>=0.9.2 <0.10.0",
      "resolved": "https://registry.npmjs.org/lodash/-/lodash-0.9.2.tgz",
      "dev": true
    },
    "lru-cache": {
      "version": "2.7.3",
      "from": "lru-cache@>=2.0.0 <3.0.0",
      "resolved": "https://registry.npmjs.org/lru-cache/-/lru-cache-2.7.3.tgz",
      "dev": true
    },
    "minimatch": {
      "version": "0.2.14",
      "from": "minimatch@>=0.2.12 <0.3.0",
      "resolved": "https://registry.npmjs.org/minimatch/-/minimatch-0.2.14.tgz",
      "dev": true
    },
    "multimatch": {
      "version": "2.1.0",
      "from": "multimatch@>=2.0.0 <3.0.0",
      "resolved": "https://registry.npmjs.org/multimatch/-/multimatch-2.1.0.tgz",
      "dev": true,
      "dependencies": {
        "minimatch": {
          "version": "3.0.4",
          "from": "minimatch@>=3.0.0 <4.0.0",
          "resolved": "https://registry.npmjs.org/minimatch/-/minimatch-3.0.4.tgz",
          "dev": true
        }
      }
    },
    "nopt": {
      "version": "1.0.10",
      "from": "nopt@>=1.0.10 <1.1.0",
      "resolved": "https://registry.npmjs.org/nopt/-/nopt-1.0.10.tgz",
      "dev": true
    },
    "once": {
      "version": "1.4.0",
      "from": "once@>=1.3.0 <2.0.0",
      "resolved": "https://registry.npmjs.org/once/-/once-1.4.0.tgz",
      "dev": true
    },
    "rimraf": {
      "version": "2.2.8",
      "from": "rimraf@>=2.2.8 <2.3.0",
      "resolved": "https://registry.npmjs.org/rimraf/-/rimraf-2.2.8.tgz",
      "dev": true
    },
    "sigmund": {
      "version": "1.0.1",
      "from": "sigmund@>=1.0.0 <1.1.0",
      "resolved": "https://registry.npmjs.org/sigmund/-/sigmund-1.0.1.tgz",
      "dev": true
    },
    "underscore": {
      "version": "1.7.0",
      "from": "underscore@>=1.7.0 <1.8.0",
      "resolved": "https://registry.npmjs.org/underscore/-/underscore-1.7.0.tgz",
      "dev": true
    },
    "underscore.string": {
      "version": "2.2.1",
      "from": "underscore.string@>=2.2.1 <2.3.0",
      "resolved": "https://registry.npmjs.org/underscore.string/-/underscore.string-2.2.1.tgz",
      "dev": true
    },
    "which": {
      "version": "1.0.9",
      "from": "which@>=1.0.5 <1.1.0",
      "resolved": "https://registry.npmjs.org/which/-/which-1.0.9.tgz",
      "dev": true
    },
    "wrappy": {
      "version": "1.0.2",
      "from": "wrappy@>=1.0.0 <2.0.0",
      "resolved": "https://registry.npmjs.org/wrappy/-/wrappy-1.0.2.tgz",
      "dev": true
    }
  }
}
